// !$*UTF8*$!
{
	archiveVersion = 1;
	classes = {
	};
	objectVersion = 46;
	objects = {

/* Begin PBXBuildFile section */
		D61063661A6E6A0700947B3D /* CommonControlViewController.m in Sources */ = {isa = PBXBuildFile; fileRef = D61063651A6E6A0700947B3D /* CommonControlViewController.m */; };
		D610636A1A6F987D00947B3D /* LabelView.m in Sources */ = {isa = PBXBuildFile; fileRef = D61063691A6F987D00947B3D /* LabelView.m */; };
		D63417D11A6CE41E001EF616 /* main.m in Sources */ = {isa = PBXBuildFile; fileRef = D63417D01A6CE41E001EF616 /* main.m */; };
		D63417DA1A6CE41E001EF616 /* Main.storyboard in Resources */ = {isa = PBXBuildFile; fileRef = D63417D81A6CE41E001EF616 /* Main.storyboard */; };
		D63417DC1A6CE41E001EF616 /* Images.xcassets in Resources */ = {isa = PBXBuildFile; fileRef = D63417DB1A6CE41E001EF616 /* Images.xcassets */; };
		D63417DF1A6CE41E001EF616 /* LaunchScreen.xib in Resources */ = {isa = PBXBuildFile; fileRef = D63417DD1A6CE41E001EF616 /* LaunchScreen.xib */; };
		D63417EB1A6CE41F001EF616 /* BasicSampleTests.m in Sources */ = {isa = PBXBuildFile; fileRef = D63417EA1A6CE41F001EF616 /* BasicSampleTests.m */; };
		D6AD80001AA024ED001D3CDD /* NotificationCenter.framework in Frameworks */ = {isa = PBXBuildFile; fileRef = D6AD7FFF1AA024ED001D3CDD /* NotificationCenter.framework */; };
		D6AD80061AA024ED001D3CDD /* TodayViewController.m in Sources */ = {isa = PBXBuildFile; fileRef = D6AD80051AA024ED001D3CDD /* TodayViewController.m */; };
		D6AD80081AA024ED001D3CDD /* MainInterface.storyboard in Resources */ = {isa = PBXBuildFile; fileRef = D6AD80071AA024ED001D3CDD /* MainInterface.storyboard */; };
		D6AD800B1AA024ED001D3CDD /* SimpleTimerTodayExtenstion.appex in Embed App Extensions */ = {isa = PBXBuildFile; fileRef = D6AD7FFD1AA024ED001D3CDD /* SimpleTimerTodayExtenstion.appex */; settings = {ATTRIBUTES = (RemoveHeadersOnCopy, ); }; };
		D6AD801A1AA04E06001D3CDD /* SimpleTimerKit.h in Headers */ = {isa = PBXBuildFile; fileRef = D6AD80191AA04E06001D3CDD /* SimpleTimerKit.h */; settings = {ATTRIBUTES = (Public, ); }; };
		D6AD80201AA04E06001D3CDD /* SimpleTimerKit.framework in Frameworks */ = {isa = PBXBuildFile; fileRef = D6AD80151AA04E06001D3CDD /* SimpleTimerKit.framework */; };
		D6AD80291AA04E06001D3CDD /* SimpleTimerKitTests.m in Sources */ = {isa = PBXBuildFile; fileRef = D6AD80281AA04E06001D3CDD /* SimpleTimerKitTests.m */; };
		D6AD802C1AA04E06001D3CDD /* SimpleTimerKit.framework in Frameworks */ = {isa = PBXBuildFile; fileRef = D6AD80151AA04E06001D3CDD /* SimpleTimerKit.framework */; };
		D6AD802D1AA04E06001D3CDD /* SimpleTimerKit.framework in Embed Frameworks */ = {isa = PBXBuildFile; fileRef = D6AD80151AA04E06001D3CDD /* SimpleTimerKit.framework */; settings = {ATTRIBUTES = (CodeSignOnCopy, RemoveHeadersOnCopy, ); }; };
		D6AD803A1AA04FFA001D3CDD /* TimerPackageManager.m in Sources */ = {isa = PBXBuildFile; fileRef = D6AD80371AA04EB7001D3CDD /* TimerPackageManager.m */; };
		D6AD803D1AA050E7001D3CDD /* CarTransportInfoManager.m in Sources */ = {isa = PBXBuildFile; fileRef = D6AD803C1AA050E7001D3CDD /* CarTransportInfoManager.m */; };
		D6BAE3B41A80B27F009C618A /* Girl.jpg in Resources */ = {isa = PBXBuildFile; fileRef = D6BAE3B21A80B27F009C618A /* Girl.jpg */; };
		D6BAE3B51A80B27F009C618A /* Device.jpg in Resources */ = {isa = PBXBuildFile; fileRef = D6BAE3B31A80B27F009C618A /* Device.jpg */; };
		D6BAE3B71A80B7AA009C618A /* Schoool.jpg in Resources */ = {isa = PBXBuildFile; fileRef = D6BAE3B61A80B7AA009C618A /* Schoool.jpg */; };
		D6C3A5F41A88AE5A0014CA07 /* UITextFieldView.m in Sources */ = {isa = PBXBuildFile; fileRef = D6C3A5F31A88AE5A0014CA07 /* UITextFieldView.m */; };
		D6D41B7C1A8B5B590088CDF8 /* DelegateView.m in Sources */ = {isa = PBXBuildFile; fileRef = D6D41B7B1A8B5B590088CDF8 /* DelegateView.m */; };
		D6D41B7F1A8C5C430088CDF8 /* CategoryView.m in Sources */ = {isa = PBXBuildFile; fileRef = D6D41B7E1A8C5C430088CDF8 /* CategoryView.m */; };
		D6D41B851A8C8AFB0088CDF8 /* Category+Reminder.m in Sources */ = {isa = PBXBuildFile; fileRef = D6D41B841A8C8AFB0088CDF8 /* Category+Reminder.m */; };
		D6E401461A7A2E61001DEA1D /* ButtonView.m in Sources */ = {isa = PBXBuildFile; fileRef = D6E401451A7A2E61001DEA1D /* ButtonView.m */; };
		D6F684551A6D0CCE00F4AA47 /* MoAppDelegate.m in Sources */ = {isa = PBXBuildFile; fileRef = D6F684541A6D0CCE00F4AA47 /* MoAppDelegate.m */; };
		D6F684581A6D0E7B00F4AA47 /* MoViewController.m in Sources */ = {isa = PBXBuildFile; fileRef = D6F684571A6D0E7B00F4AA47 /* MoViewController.m */; };
		D6F6845C1A6D101A00F4AA47 /* MoMainView.m in Sources */ = {isa = PBXBuildFile; fileRef = D6F6845B1A6D101A00F4AA47 /* MoMainView.m */; };
/* End PBXBuildFile section */

/* Begin PBXContainerItemProxy section */
		D63417E51A6CE41E001EF616 /* PBXContainerItemProxy */ = {
			isa = PBXContainerItemProxy;
			containerPortal = D63417C31A6CE41E001EF616 /* Project object */;
			proxyType = 1;
			remoteGlobalIDString = D63417CA1A6CE41E001EF616;
			remoteInfo = BasicSample;
		};
		D6AD80091AA024ED001D3CDD /* PBXContainerItemProxy */ = {
			isa = PBXContainerItemProxy;
			containerPortal = D63417C31A6CE41E001EF616 /* Project object */;
			proxyType = 1;
			remoteGlobalIDString = D6AD7FFC1AA024ED001D3CDD;
			remoteInfo = SimpleTimerTodayExtenstion;
		};
		D6AD80211AA04E06001D3CDD /* PBXContainerItemProxy */ = {
			isa = PBXContainerItemProxy;
			containerPortal = D63417C31A6CE41E001EF616 /* Project object */;
			proxyType = 1;
			remoteGlobalIDString = D6AD80141AA04E06001D3CDD;
			remoteInfo = SimpleTimerKit;
		};
		D6AD80231AA04E06001D3CDD /* PBXContainerItemProxy */ = {
			isa = PBXContainerItemProxy;
			containerPortal = D63417C31A6CE41E001EF616 /* Project object */;
			proxyType = 1;
			remoteGlobalIDString = D63417CA1A6CE41E001EF616;
			remoteInfo = BasicSample;
		};
		D6AD802A1AA04E06001D3CDD /* PBXContainerItemProxy */ = {
			isa = PBXContainerItemProxy;
			containerPortal = D63417C31A6CE41E001EF616 /* Project object */;
			proxyType = 1;
			remoteGlobalIDString = D6AD80141AA04E06001D3CDD;
			remoteInfo = SimpleTimerKit;
		};
/* End PBXContainerItemProxy section */

/* Begin PBXCopyFilesBuildPhase section */
		D6AD800F1AA024ED001D3CDD /* Embed App Extensions */ = {
			isa = PBXCopyFilesBuildPhase;
			buildActionMask = 2147483647;
			dstPath = "";
			dstSubfolderSpec = 13;
			files = (
				D6AD800B1AA024ED001D3CDD /* SimpleTimerTodayExtenstion.appex in Embed App Extensions */,
			);
			name = "Embed App Extensions";
			runOnlyForDeploymentPostprocessing = 0;
		};
		D6AD80311AA04E06001D3CDD /* Embed Frameworks */ = {
			isa = PBXCopyFilesBuildPhase;
			buildActionMask = 2147483647;
			dstPath = "";
			dstSubfolderSpec = 10;
			files = (
				D6AD802D1AA04E06001D3CDD /* SimpleTimerKit.framework in Embed Frameworks */,
			);
			name = "Embed Frameworks";
			runOnlyForDeploymentPostprocessing = 0;
		};
/* End PBXCopyFilesBuildPhase section */

/* Begin PBXFileReference section */
		D61063641A6E69F500947B3D /* CommonControlViewController.h */ = {isa = PBXFileReference; lastKnownFileType = sourcecode.c.h; path = CommonControlViewController.h; sourceTree = "<group>"; };
		D61063651A6E6A0700947B3D /* CommonControlViewController.m */ = {isa = PBXFileReference; fileEncoding = 4; lastKnownFileType = sourcecode.c.objc; path = CommonControlViewController.m; sourceTree = "<group>"; };
		D61063681A6F986D00947B3D /* LableView.h */ = {isa = PBXFileReference; lastKnownFileType = sourcecode.c.h; path = LableView.h; sourceTree = "<group>"; };
		D61063691A6F987D00947B3D /* LabelView.m */ = {isa = PBXFileReference; fileEncoding = 4; lastKnownFileType = sourcecode.c.objc; path = LabelView.m; sourceTree = "<group>"; };
		D63417CB1A6CE41E001EF616 /* BasicSample.app */ = {isa = PBXFileReference; explicitFileType = wrapper.application; includeInIndex = 0; path = BasicSample.app; sourceTree = BUILT_PRODUCTS_DIR; };
		D63417CF1A6CE41E001EF616 /* Info.plist */ = {isa = PBXFileReference; lastKnownFileType = text.plist.xml; path = Info.plist; sourceTree = "<group>"; };
		D63417D01A6CE41E001EF616 /* main.m */ = {isa = PBXFileReference; lastKnownFileType = sourcecode.c.objc; path = main.m; sourceTree = "<group>"; };
		D63417D91A6CE41E001EF616 /* Base */ = {isa = PBXFileReference; lastKnownFileType = file.storyboard; name = Base; path = Base.lproj/Main.storyboard; sourceTree = "<group>"; };
		D63417DB1A6CE41E001EF616 /* Images.xcassets */ = {isa = PBXFileReference; lastKnownFileType = folder.assetcatalog; path = Images.xcassets; sourceTree = "<group>"; };
		D63417DE1A6CE41E001EF616 /* Base */ = {isa = PBXFileReference; lastKnownFileType = file.xib; name = Base; path = Base.lproj/LaunchScreen.xib; sourceTree = "<group>"; };
		D63417E41A6CE41E001EF616 /* BasicSampleTests.xctest */ = {isa = PBXFileReference; explicitFileType = wrapper.cfbundle; includeInIndex = 0; path = BasicSampleTests.xctest; sourceTree = BUILT_PRODUCTS_DIR; };
		D63417E91A6CE41F001EF616 /* Info.plist */ = {isa = PBXFileReference; lastKnownFileType = text.plist.xml; path = Info.plist; sourceTree = "<group>"; };
		D63417EA1A6CE41F001EF616 /* BasicSampleTests.m */ = {isa = PBXFileReference; lastKnownFileType = sourcecode.c.objc; path = BasicSampleTests.m; sourceTree = "<group>"; };
		D6AD7FFD1AA024ED001D3CDD /* SimpleTimerTodayExtenstion.appex */ = {isa = PBXFileReference; explicitFileType = "wrapper.app-extension"; includeInIndex = 0; path = SimpleTimerTodayExtenstion.appex; sourceTree = BUILT_PRODUCTS_DIR; };
		D6AD7FFF1AA024ED001D3CDD /* NotificationCenter.framework */ = {isa = PBXFileReference; lastKnownFileType = wrapper.framework; name = NotificationCenter.framework; path = System/Library/Frameworks/NotificationCenter.framework; sourceTree = SDKROOT; };
		D6AD80031AA024ED001D3CDD /* Info.plist */ = {isa = PBXFileReference; lastKnownFileType = text.plist.xml; path = Info.plist; sourceTree = "<group>"; };
		D6AD80041AA024ED001D3CDD /* TodayViewController.h */ = {isa = PBXFileReference; lastKnownFileType = sourcecode.c.h; path = TodayViewController.h; sourceTree = "<group>"; };
		D6AD80051AA024ED001D3CDD /* TodayViewController.m */ = {isa = PBXFileReference; lastKnownFileType = sourcecode.c.objc; path = TodayViewController.m; sourceTree = "<group>"; };
		D6AD80071AA024ED001D3CDD /* MainInterface.storyboard */ = {isa = PBXFileReference; lastKnownFileType = file.storyboard; path = MainInterface.storyboard; sourceTree = "<group>"; };
		D6AD80151AA04E06001D3CDD /* SimpleTimerKit.framework */ = {isa = PBXFileReference; explicitFileType = wrapper.framework; includeInIndex = 0; path = SimpleTimerKit.framework; sourceTree = BUILT_PRODUCTS_DIR; };
		D6AD80181AA04E06001D3CDD /* Info.plist */ = {isa = PBXFileReference; lastKnownFileType = text.plist.xml; path = Info.plist; sourceTree = "<group>"; };
		D6AD80191AA04E06001D3CDD /* SimpleTimerKit.h */ = {isa = PBXFileReference; lastKnownFileType = sourcecode.c.h; path = SimpleTimerKit.h; sourceTree = "<group>"; };
		D6AD801F1AA04E06001D3CDD /* SimpleTimerKitTests.xctest */ = {isa = PBXFileReference; explicitFileType = wrapper.cfbundle; includeInIndex = 0; path = SimpleTimerKitTests.xctest; sourceTree = BUILT_PRODUCTS_DIR; };
		D6AD80271AA04E06001D3CDD /* Info.plist */ = {isa = PBXFileReference; lastKnownFileType = text.plist.xml; path = Info.plist; sourceTree = "<group>"; };
		D6AD80281AA04E06001D3CDD /* SimpleTimerKitTests.m */ = {isa = PBXFileReference; lastKnownFileType = sourcecode.c.objc; path = SimpleTimerKitTests.m; sourceTree = "<group>"; };
		D6AD80361AA04EA2001D3CDD /* TimerPackageManager.h */ = {isa = PBXFileReference; lastKnownFileType = sourcecode.c.h; path = TimerPackageManager.h; sourceTree = "<group>"; };
		D6AD80371AA04EB7001D3CDD /* TimerPackageManager.m */ = {isa = PBXFileReference; fileEncoding = 4; lastKnownFileType = sourcecode.c.objc; path = TimerPackageManager.m; sourceTree = "<group>"; };
		D6AD803B1AA050D3001D3CDD /* CarTransportInfoManager.h */ = {isa = PBXFileReference; lastKnownFileType = sourcecode.c.h; path = CarTransportInfoManager.h; sourceTree = "<group>"; };
		D6AD803C1AA050E7001D3CDD /* CarTransportInfoManager.m */ = {isa = PBXFileReference; fileEncoding = 4; lastKnownFileType = sourcecode.c.objc; path = CarTransportInfoManager.m; sourceTree = "<group>"; };
		D6BAE3B21A80B27F009C618A /* Girl.jpg */ = {isa = PBXFileReference; lastKnownFileType = image.jpeg; path = Girl.jpg; sourceTree = "<group>"; };
		D6BAE3B31A80B27F009C618A /* Device.jpg */ = {isa = PBXFileReference; lastKnownFileType = image.jpeg; path = Device.jpg; sourceTree = "<group>"; };
		D6BAE3B61A80B7AA009C618A /* Schoool.jpg */ = {isa = PBXFileReference; lastKnownFileType = image.jpeg; path = Schoool.jpg; sourceTree = "<group>"; };
		D6C3A5F21A88AE480014CA07 /* UITextFieldView.h */ = {isa = PBXFileReference; lastKnownFileType = sourcecode.c.h; path = UITextFieldView.h; sourceTree = "<group>"; };
		D6C3A5F31A88AE5A0014CA07 /* UITextFieldView.m */ = {isa = PBXFileReference; fileEncoding = 4; lastKnownFileType = sourcecode.c.objc; path = UITextFieldView.m; sourceTree = "<group>"; };
		D6D41B7A1A8B5B380088CDF8 /* DelegateView.h */ = {isa = PBXFileReference; lastKnownFileType = sourcecode.c.h; path = DelegateView.h; sourceTree = "<group>"; };
		D6D41B7B1A8B5B590088CDF8 /* DelegateView.m */ = {isa = PBXFileReference; fileEncoding = 4; lastKnownFileType = sourcecode.c.objc; path = DelegateView.m; sourceTree = "<group>"; };
		D6D41B7D1A8C5C320088CDF8 /* CategoryView.h */ = {isa = PBXFileReference; lastKnownFileType = sourcecode.c.h; path = CategoryView.h; sourceTree = "<group>"; };
		D6D41B7E1A8C5C430088CDF8 /* CategoryView.m */ = {isa = PBXFileReference; fileEncoding = 4; lastKnownFileType = sourcecode.c.objc; path = CategoryView.m; sourceTree = "<group>"; };
		D6D41B831A8C8AE90088CDF8 /* Category+Reminder.h */ = {isa = PBXFileReference; lastKnownFileType = sourcecode.c.h; path = "Category+Reminder.h"; sourceTree = "<group>"; };
		D6D41B841A8C8AFB0088CDF8 /* Category+Reminder.m */ = {isa = PBXFileReference; fileEncoding = 4; lastKnownFileType = sourcecode.c.objc; path = "Category+Reminder.m"; sourceTree = "<group>"; };
		D6E401441A7A2E54001DEA1D /* ButtonView.h */ = {isa = PBXFileReference; lastKnownFileType = sourcecode.c.h; path = ButtonView.h; sourceTree = "<group>"; };
		D6E401451A7A2E61001DEA1D /* ButtonView.m */ = {isa = PBXFileReference; fileEncoding = 4; lastKnownFileType = sourcecode.c.objc; path = ButtonView.m; sourceTree = "<group>"; };
		D6F684531A6D0CC000F4AA47 /* MoAppDelegate.h */ = {isa = PBXFileReference; lastKnownFileType = sourcecode.c.h; path = MoAppDelegate.h; sourceTree = "<group>"; };
		D6F684541A6D0CCE00F4AA47 /* MoAppDelegate.m */ = {isa = PBXFileReference; fileEncoding = 4; lastKnownFileType = sourcecode.c.objc; path = MoAppDelegate.m; sourceTree = "<group>"; };
		D6F684561A6D0E6C00F4AA47 /* MoViewController.h */ = {isa = PBXFileReference; lastKnownFileType = sourcecode.c.h; path = MoViewController.h; sourceTree = "<group>"; };
		D6F684571A6D0E7B00F4AA47 /* MoViewController.m */ = {isa = PBXFileReference; fileEncoding = 4; lastKnownFileType = sourcecode.c.objc; path = MoViewController.m; sourceTree = "<group>"; };
		D6F6845A1A6D100700F4AA47 /* MoMainView.h */ = {isa = PBXFileReference; lastKnownFileType = sourcecode.c.h; path = MoMainView.h; sourceTree = "<group>"; };
		D6F6845B1A6D101A00F4AA47 /* MoMainView.m */ = {isa = PBXFileReference; fileEncoding = 4; lastKnownFileType = sourcecode.c.objc; path = MoMainView.m; sourceTree = "<group>"; };
/* End PBXFileReference section */

/* Begin PBXFrameworksBuildPhase section */
		D63417C81A6CE41E001EF616 /* Frameworks */ = {
			isa = PBXFrameworksBuildPhase;
			buildActionMask = 2147483647;
			files = (
				D6AD802C1AA04E06001D3CDD /* SimpleTimerKit.framework in Frameworks */,
			);
			runOnlyForDeploymentPostprocessing = 0;
		};
		D63417E11A6CE41E001EF616 /* Frameworks */ = {
			isa = PBXFrameworksBuildPhase;
			buildActionMask = 2147483647;
			files = (
			);
			runOnlyForDeploymentPostprocessing = 0;
		};
		D6AD7FFA1AA024ED001D3CDD /* Frameworks */ = {
			isa = PBXFrameworksBuildPhase;
			buildActionMask = 2147483647;
			files = (
				D6AD80001AA024ED001D3CDD /* NotificationCenter.framework in Frameworks */,
			);
			runOnlyForDeploymentPostprocessing = 0;
		};
		D6AD80111AA04E06001D3CDD /* Frameworks */ = {
			isa = PBXFrameworksBuildPhase;
			buildActionMask = 2147483647;
			files = (
			);
			runOnlyForDeploymentPostprocessing = 0;
		};
		D6AD801C1AA04E06001D3CDD /* Frameworks */ = {
			isa = PBXFrameworksBuildPhase;
			buildActionMask = 2147483647;
			files = (
				D6AD80201AA04E06001D3CDD /* SimpleTimerKit.framework in Frameworks */,
			);
			runOnlyForDeploymentPostprocessing = 0;
		};
/* End PBXFrameworksBuildPhase section */

/* Begin PBXGroup section */
		D61063621A6E39BA00947B3D /* Controls */ = {
			isa = PBXGroup;
			children = (
				D61063641A6E69F500947B3D /* CommonControlViewController.h */,
				D61063651A6E6A0700947B3D /* CommonControlViewController.m */,
			);
			name = Controls;
			sourceTree = "<group>";
		};
		D61063671A6F985600947B3D /* Views */ = {
			isa = PBXGroup;
			children = (
				D61063681A6F986D00947B3D /* LableView.h */,
				D61063691A6F987D00947B3D /* LabelView.m */,
				D6E401441A7A2E54001DEA1D /* ButtonView.h */,
				D6E401451A7A2E61001DEA1D /* ButtonView.m */,
				D6C3A5F21A88AE480014CA07 /* UITextFieldView.h */,
				D6C3A5F31A88AE5A0014CA07 /* UITextFieldView.m */,
			);
			name = Views;
			sourceTree = "<group>";
		};
		D63417C21A6CE41E001EF616 = {
			isa = PBXGroup;
			children = (
				D63417CD1A6CE41E001EF616 /* BasicSample */,
				D63417E71A6CE41F001EF616 /* BasicSampleTests */,
				D6AD80011AA024ED001D3CDD /* SimpleTimerTodayExtenstion */,
				D6AD80161AA04E06001D3CDD /* SimpleTimerKit */,
				D6AD80251AA04E06001D3CDD /* SimpleTimerKitTests */,
				D6AD7FFE1AA024ED001D3CDD /* Frameworks */,
				D63417CC1A6CE41E001EF616 /* Products */,
			);
			sourceTree = "<group>";
		};
		D63417CC1A6CE41E001EF616 /* Products */ = {
			isa = PBXGroup;
			children = (
				D63417CB1A6CE41E001EF616 /* BasicSample.app */,
				D63417E41A6CE41E001EF616 /* BasicSampleTests.xctest */,
				D6AD7FFD1AA024ED001D3CDD /* SimpleTimerTodayExtenstion.appex */,
				D6AD80151AA04E06001D3CDD /* SimpleTimerKit.framework */,
				D6AD801F1AA04E06001D3CDD /* SimpleTimerKitTests.xctest */,
			);
			name = Products;
			sourceTree = "<group>";
		};
		D63417CD1A6CE41E001EF616 /* BasicSample */ = {
			isa = PBXGroup;
			children = (
				D6AD80351AA04E77001D3CDD /* CommonTimer */,
				D6BAE3B01A80B25B009C618A /* Resource */,
				D6F684591A6D0FF400F4AA47 /* UI */,
				D6F684511A6D0C5B00F4AA47 /* Application */,
				D63417D81A6CE41E001EF616 /* Main.storyboard */,
				D63417DB1A6CE41E001EF616 /* Images.xcassets */,
				D63417DD1A6CE41E001EF616 /* LaunchScreen.xib */,
				D63417CE1A6CE41E001EF616 /* Supporting Files */,
			);
			path = BasicSample;
			sourceTree = "<group>";
		};
		D63417CE1A6CE41E001EF616 /* Supporting Files */ = {
			isa = PBXGroup;
			children = (
				D63417CF1A6CE41E001EF616 /* Info.plist */,
				D63417D01A6CE41E001EF616 /* main.m */,
			);
			name = "Supporting Files";
			sourceTree = "<group>";
		};
		D63417E71A6CE41F001EF616 /* BasicSampleTests */ = {
			isa = PBXGroup;
			children = (
				D63417EA1A6CE41F001EF616 /* BasicSampleTests.m */,
				D63417E81A6CE41F001EF616 /* Supporting Files */,
			);
			path = BasicSampleTests;
			sourceTree = "<group>";
		};
		D63417E81A6CE41F001EF616 /* Supporting Files */ = {
			isa = PBXGroup;
			children = (
				D63417E91A6CE41F001EF616 /* Info.plist */,
			);
			name = "Supporting Files";
			sourceTree = "<group>";
		};
		D6AD7FFE1AA024ED001D3CDD /* Frameworks */ = {
			isa = PBXGroup;
			children = (
				D6AD7FFF1AA024ED001D3CDD /* NotificationCenter.framework */,
			);
			name = Frameworks;
			sourceTree = "<group>";
		};
		D6AD80011AA024ED001D3CDD /* SimpleTimerTodayExtenstion */ = {
			isa = PBXGroup;
			children = (
				D6AD80041AA024ED001D3CDD /* TodayViewController.h */,
				D6AD80051AA024ED001D3CDD /* TodayViewController.m */,
				D6AD80071AA024ED001D3CDD /* MainInterface.storyboard */,
				D6AD80021AA024ED001D3CDD /* Supporting Files */,
			);
			path = SimpleTimerTodayExtenstion;
			sourceTree = "<group>";
		};
		D6AD80021AA024ED001D3CDD /* Supporting Files */ = {
			isa = PBXGroup;
			children = (
				D6AD80031AA024ED001D3CDD /* Info.plist */,
			);
			name = "Supporting Files";
			sourceTree = "<group>";
		};
		D6AD80161AA04E06001D3CDD /* SimpleTimerKit */ = {
			isa = PBXGroup;
			children = (
				D6AD80191AA04E06001D3CDD /* SimpleTimerKit.h */,
				D6AD80171AA04E06001D3CDD /* Supporting Files */,
				D6AD803B1AA050D3001D3CDD /* CarTransportInfoManager.h */,
				D6AD803C1AA050E7001D3CDD /* CarTransportInfoManager.m */,
			);
			path = SimpleTimerKit;
			sourceTree = "<group>";
		};
		D6AD80171AA04E06001D3CDD /* Supporting Files */ = {
			isa = PBXGroup;
			children = (
				D6AD80181AA04E06001D3CDD /* Info.plist */,
			);
			name = "Supporting Files";
			sourceTree = "<group>";
		};
		D6AD80251AA04E06001D3CDD /* SimpleTimerKitTests */ = {
			isa = PBXGroup;
			children = (
				D6AD80281AA04E06001D3CDD /* SimpleTimerKitTests.m */,
				D6AD80261AA04E06001D3CDD /* Supporting Files */,
			);
			path = SimpleTimerKitTests;
			sourceTree = "<group>";
		};
		D6AD80261AA04E06001D3CDD /* Supporting Files */ = {
			isa = PBXGroup;
			children = (
				D6AD80271AA04E06001D3CDD /* Info.plist */,
			);
			name = "Supporting Files";
			sourceTree = "<group>";
		};
		D6AD80351AA04E77001D3CDD /* CommonTimer */ = {
			isa = PBXGroup;
			children = (
				D6AD80361AA04EA2001D3CDD /* TimerPackageManager.h */,
				D6AD80371AA04EB7001D3CDD /* TimerPackageManager.m */,
			);
			name = CommonTimer;
			sourceTree = "<group>";
		};
		D6BAE3B01A80B25B009C618A /* Resource */ = {
			isa = PBXGroup;
			children = (
				D6BAE3B11A80B263009C618A /* Images */,
			);
			name = Resource;
			sourceTree = "<group>";
		};
		D6BAE3B11A80B263009C618A /* Images */ = {
			isa = PBXGroup;
			children = (
				D6BAE3B61A80B7AA009C618A /* Schoool.jpg */,
				D6BAE3B21A80B27F009C618A /* Girl.jpg */,
				D6BAE3B31A80B27F009C618A /* Device.jpg */,
			);
			name = Images;
			sourceTree = "<group>";
		};
		D6D41B791A8B5B0B0088CDF8 /* Components */ = {
			isa = PBXGroup;
			children = (
				D6D41B7A1A8B5B380088CDF8 /* DelegateView.h */,
				D6D41B7B1A8B5B590088CDF8 /* DelegateView.m */,
				D6D41B7D1A8C5C320088CDF8 /* CategoryView.h */,
				D6D41B7E1A8C5C430088CDF8 /* CategoryView.m */,
				D6D41B831A8C8AE90088CDF8 /* Category+Reminder.h */,
				D6D41B841A8C8AFB0088CDF8 /* Category+Reminder.m */,
			);
			name = Components;
			sourceTree = "<group>";
		};
		D6F684511A6D0C5B00F4AA47 /* Application */ = {
			isa = PBXGroup;
			children = (
				D6F684521A6D0C6400F4AA47 /* App */,
			);
			name = Application;
			sourceTree = "<group>";
		};
		D6F684521A6D0C6400F4AA47 /* App */ = {
			isa = PBXGroup;
			children = (
				D6F684531A6D0CC000F4AA47 /* MoAppDelegate.h */,
				D6F684541A6D0CCE00F4AA47 /* MoAppDelegate.m */,
				D6F684561A6D0E6C00F4AA47 /* MoViewController.h */,
				D6F684571A6D0E7B00F4AA47 /* MoViewController.m */,
			);
			name = App;
			sourceTree = "<group>";
		};
		D6F684591A6D0FF400F4AA47 /* UI */ = {
			isa = PBXGroup;
			children = (
				D6D41B791A8B5B0B0088CDF8 /* Components */,
				D61063671A6F985600947B3D /* Views */,
				D61063621A6E39BA00947B3D /* Controls */,
				D6F6845A1A6D100700F4AA47 /* MoMainView.h */,
				D6F6845B1A6D101A00F4AA47 /* MoMainView.m */,
			);
			name = UI;
			sourceTree = "<group>";
		};
/* End PBXGroup section */

/* Begin PBXHeadersBuildPhase section */
		D6AD80121AA04E06001D3CDD /* Headers */ = {
			isa = PBXHeadersBuildPhase;
			buildActionMask = 2147483647;
			files = (
				D6AD801A1AA04E06001D3CDD /* SimpleTimerKit.h in Headers */,
			);
			runOnlyForDeploymentPostprocessing = 0;
		};
/* End PBXHeadersBuildPhase section */

/* Begin PBXNativeTarget section */
		D63417CA1A6CE41E001EF616 /* BasicSample */ = {
			isa = PBXNativeTarget;
			buildConfigurationList = D63417EE1A6CE41F001EF616 /* Build configuration list for PBXNativeTarget "BasicSample" */;
			buildPhases = (
				D63417C71A6CE41E001EF616 /* Sources */,
				D63417C81A6CE41E001EF616 /* Frameworks */,
				D63417C91A6CE41E001EF616 /* Resources */,
				D6AD800F1AA024ED001D3CDD /* Embed App Extensions */,
				D6AD80311AA04E06001D3CDD /* Embed Frameworks */,
			);
			buildRules = (
			);
			dependencies = (
				D6AD800A1AA024ED001D3CDD /* PBXTargetDependency */,
				D6AD802B1AA04E06001D3CDD /* PBXTargetDependency */,
			);
			name = BasicSample;
			productName = BasicSample;
			productReference = D63417CB1A6CE41E001EF616 /* BasicSample.app */;
			productType = "com.apple.product-type.application";
		};
		D63417E31A6CE41E001EF616 /* BasicSampleTests */ = {
			isa = PBXNativeTarget;
			buildConfigurationList = D63417F11A6CE41F001EF616 /* Build configuration list for PBXNativeTarget "BasicSampleTests" */;
			buildPhases = (
				D63417E01A6CE41E001EF616 /* Sources */,
				D63417E11A6CE41E001EF616 /* Frameworks */,
				D63417E21A6CE41E001EF616 /* Resources */,
			);
			buildRules = (
			);
			dependencies = (
				D63417E61A6CE41E001EF616 /* PBXTargetDependency */,
			);
			name = BasicSampleTests;
			productName = BasicSampleTests;
			productReference = D63417E41A6CE41E001EF616 /* BasicSampleTests.xctest */;
			productType = "com.apple.product-type.bundle.unit-test";
		};
		D6AD7FFC1AA024ED001D3CDD /* SimpleTimerTodayExtenstion */ = {
			isa = PBXNativeTarget;
			buildConfigurationList = D6AD800E1AA024ED001D3CDD /* Build configuration list for PBXNativeTarget "SimpleTimerTodayExtenstion" */;
			buildPhases = (
				D6AD7FF91AA024ED001D3CDD /* Sources */,
				D6AD7FFA1AA024ED001D3CDD /* Frameworks */,
				D6AD7FFB1AA024ED001D3CDD /* Resources */,
			);
			buildRules = (
			);
			dependencies = (
			);
			name = SimpleTimerTodayExtenstion;
			productName = SimpleTimerTodayExtenstion;
			productReference = D6AD7FFD1AA024ED001D3CDD /* SimpleTimerTodayExtenstion.appex */;
			productType = "com.apple.product-type.app-extension";
		};
		D6AD80141AA04E06001D3CDD /* SimpleTimerKit */ = {
			isa = PBXNativeTarget;
			buildConfigurationList = D6AD802E1AA04E06001D3CDD /* Build configuration list for PBXNativeTarget "SimpleTimerKit" */;
			buildPhases = (
				D6AD80101AA04E06001D3CDD /* Sources */,
				D6AD80111AA04E06001D3CDD /* Frameworks */,
				D6AD80121AA04E06001D3CDD /* Headers */,
				D6AD80131AA04E06001D3CDD /* Resources */,
			);
			buildRules = (
			);
			dependencies = (
			);
			name = SimpleTimerKit;
			productName = SimpleTimerKit;
			productReference = D6AD80151AA04E06001D3CDD /* SimpleTimerKit.framework */;
			productType = "com.apple.product-type.framework";
		};
		D6AD801E1AA04E06001D3CDD /* SimpleTimerKitTests */ = {
			isa = PBXNativeTarget;
			buildConfigurationList = D6AD80321AA04E06001D3CDD /* Build configuration list for PBXNativeTarget "SimpleTimerKitTests" */;
			buildPhases = (
				D6AD801B1AA04E06001D3CDD /* Sources */,
				D6AD801C1AA04E06001D3CDD /* Frameworks */,
				D6AD801D1AA04E06001D3CDD /* Resources */,
			);
			buildRules = (
			);
			dependencies = (
				D6AD80221AA04E06001D3CDD /* PBXTargetDependency */,
				D6AD80241AA04E06001D3CDD /* PBXTargetDependency */,
			);
			name = SimpleTimerKitTests;
			productName = SimpleTimerKitTests;
			productReference = D6AD801F1AA04E06001D3CDD /* SimpleTimerKitTests.xctest */;
			productType = "com.apple.product-type.bundle.unit-test";
		};
/* End PBXNativeTarget section */

/* Begin PBXProject section */
		D63417C31A6CE41E001EF616 /* Project object */ = {
			isa = PBXProject;
			attributes = {
				LastUpgradeCheck = 0610;
				ORGANIZATIONNAME = chenkai;
				TargetAttributes = {
					D63417CA1A6CE41E001EF616 = {
						CreatedOnToolsVersion = 6.1.1;
					};
					D63417E31A6CE41E001EF616 = {
						CreatedOnToolsVersion = 6.1.1;
						TestTargetID = D63417CA1A6CE41E001EF616;
					};
					D6AD7FFC1AA024ED001D3CDD = {
						CreatedOnToolsVersion = 6.1.1;
					};
					D6AD80141AA04E06001D3CDD = {
						CreatedOnToolsVersion = 6.1.1;
					};
					D6AD801E1AA04E06001D3CDD = {
						CreatedOnToolsVersion = 6.1.1;
						TestTargetID = D63417CA1A6CE41E001EF616;
					};
				};
			};
			buildConfigurationList = D63417C61A6CE41E001EF616 /* Build configuration list for PBXProject "BasicSample" */;
			compatibilityVersion = "Xcode 3.2";
			developmentRegion = English;
			hasScannedForEncodings = 0;
			knownRegions = (
				en,
				Base,
			);
			mainGroup = D63417C21A6CE41E001EF616;
			productRefGroup = D63417CC1A6CE41E001EF616 /* Products */;
			projectDirPath = "";
			projectRoot = "";
			targets = (
				D63417CA1A6CE41E001EF616 /* BasicSample */,
				D63417E31A6CE41E001EF616 /* BasicSampleTests */,
				D6AD7FFC1AA024ED001D3CDD /* SimpleTimerTodayExtenstion */,
				D6AD80141AA04E06001D3CDD /* SimpleTimerKit */,
				D6AD801E1AA04E06001D3CDD /* SimpleTimerKitTests */,
			);
		};
/* End PBXProject section */

/* Begin PBXResourcesBuildPhase section */
		D63417C91A6CE41E001EF616 /* Resources */ = {
			isa = PBXResourcesBuildPhase;
			buildActionMask = 2147483647;
			files = (
				D6BAE3B51A80B27F009C618A /* Device.jpg in Resources */,
				D63417DA1A6CE41E001EF616 /* Main.storyboard in Resources */,
				D6BAE3B41A80B27F009C618A /* Girl.jpg in Resources */,
				D63417DF1A6CE41E001EF616 /* LaunchScreen.xib in Resources */,
				D63417DC1A6CE41E001EF616 /* Images.xcassets in Resources */,
				D6BAE3B71A80B7AA009C618A /* Schoool.jpg in Resources */,
			);
			runOnlyForDeploymentPostprocessing = 0;
		};
		D63417E21A6CE41E001EF616 /* Resources */ = {
			isa = PBXResourcesBuildPhase;
			buildActionMask = 2147483647;
			files = (
			);
			runOnlyForDeploymentPostprocessing = 0;
		};
		D6AD7FFB1AA024ED001D3CDD /* Resources */ = {
			isa = PBXResourcesBuildPhase;
			buildActionMask = 2147483647;
			files = (
				D6AD80081AA024ED001D3CDD /* MainInterface.storyboard in Resources */,
			);
			runOnlyForDeploymentPostprocessing = 0;
		};
		D6AD80131AA04E06001D3CDD /* Resources */ = {
			isa = PBXResourcesBuildPhase;
			buildActionMask = 2147483647;
			files = (
			);
			runOnlyForDeploymentPostprocessing = 0;
		};
		D6AD801D1AA04E06001D3CDD /* Resources */ = {
			isa = PBXResourcesBuildPhase;
			buildActionMask = 2147483647;
			files = (
			);
			runOnlyForDeploymentPostprocessing = 0;
		};
/* End PBXResourcesBuildPhase section */

/* Begin PBXSourcesBuildPhase section */
		D63417C71A6CE41E001EF616 /* Sources */ = {
			isa = PBXSourcesBuildPhase;
			buildActionMask = 2147483647;
			files = (
				D6F684581A6D0E7B00F4AA47 /* MoViewController.m in Sources */,
				D6F684551A6D0CCE00F4AA47 /* MoAppDelegate.m in Sources */,
				D61063661A6E6A0700947B3D /* CommonControlViewController.m in Sources */,
				D63417D11A6CE41E001EF616 /* main.m in Sources */,
				D6E401461A7A2E61001DEA1D /* ButtonView.m in Sources */,
				D6D41B7C1A8B5B590088CDF8 /* DelegateView.m in Sources */,
				D6D41B7F1A8C5C430088CDF8 /* CategoryView.m in Sources */,
				D6F6845C1A6D101A00F4AA47 /* MoMainView.m in Sources */,
				D6C3A5F41A88AE5A0014CA07 /* UITextFieldView.m in Sources */,
				D6D41B851A8C8AFB0088CDF8 /* Category+Reminder.m in Sources */,
				D610636A1A6F987D00947B3D /* LabelView.m in Sources */,
			);
			runOnlyForDeploymentPostprocessing = 0;
		};
		D63417E01A6CE41E001EF616 /* Sources */ = {
			isa = PBXSourcesBuildPhase;
			buildActionMask = 2147483647;
			files = (
				D63417EB1A6CE41F001EF616 /* BasicSampleTests.m in Sources */,
			);
			runOnlyForDeploymentPostprocessing = 0;
		};
		D6AD7FF91AA024ED001D3CDD /* Sources */ = {
			isa = PBXSourcesBuildPhase;
			buildActionMask = 2147483647;
			files = (
				D6AD80061AA024ED001D3CDD /* TodayViewController.m in Sources */,
			);
			runOnlyForDeploymentPostprocessing = 0;
		};
		D6AD80101AA04E06001D3CDD /* Sources */ = {
			isa = PBXSourcesBuildPhase;
			buildActionMask = 2147483647;
			files = (
				D6AD803D1AA050E7001D3CDD /* CarTransportInfoManager.m in Sources */,
				D6AD803A1AA04FFA001D3CDD /* TimerPackageManager.m in Sources */,
			);
			runOnlyForDeploymentPostprocessing = 0;
		};
		D6AD801B1AA04E06001D3CDD /* Sources */ = {
			isa = PBXSourcesBuildPhase;
			buildActionMask = 2147483647;
			files = (
				D6AD80291AA04E06001D3CDD /* SimpleTimerKitTests.m in Sources */,
			);
			runOnlyForDeploymentPostprocessing = 0;
		};
/* End PBXSourcesBuildPhase section */

/* Begin PBXTargetDependency section */
		D63417E61A6CE41E001EF616 /* PBXTargetDependency */ = {
			isa = PBXTargetDependency;
			target = D63417CA1A6CE41E001EF616 /* BasicSample */;
			targetProxy = D63417E51A6CE41E001EF616 /* PBXContainerItemProxy */;
		};
		D6AD800A1AA024ED001D3CDD /* PBXTargetDependency */ = {
			isa = PBXTargetDependency;
			target = D6AD7FFC1AA024ED001D3CDD /* SimpleTimerTodayExtenstion */;
			targetProxy = D6AD80091AA024ED001D3CDD /* PBXContainerItemProxy */;
		};
		D6AD80221AA04E06001D3CDD /* PBXTargetDependency */ = {
			isa = PBXTargetDependency;
			target = D6AD80141AA04E06001D3CDD /* SimpleTimerKit */;
			targetProxy = D6AD80211AA04E06001D3CDD /* PBXContainerItemProxy */;
		};
		D6AD80241AA04E06001D3CDD /* PBXTargetDependency */ = {
			isa = PBXTargetDependency;
			target = D63417CA1A6CE41E001EF616 /* BasicSample */;
			targetProxy = D6AD80231AA04E06001D3CDD /* PBXContainerItemProxy */;
		};
		D6AD802B1AA04E06001D3CDD /* PBXTargetDependency */ = {
			isa = PBXTargetDependency;
			target = D6AD80141AA04E06001D3CDD /* SimpleTimerKit */;
			targetProxy = D6AD802A1AA04E06001D3CDD /* PBXContainerItemProxy */;
		};
/* End PBXTargetDependency section */

/* Begin PBXVariantGroup section */
		D63417D81A6CE41E001EF616 /* Main.storyboard */ = {
			isa = PBXVariantGroup;
			children = (
				D63417D91A6CE41E001EF616 /* Base */,
			);
			name = Main.storyboard;
			sourceTree = "<group>";
		};
		D63417DD1A6CE41E001EF616 /* LaunchScreen.xib */ = {
			isa = PBXVariantGroup;
			children = (
				D63417DE1A6CE41E001EF616 /* Base */,
			);
			name = LaunchScreen.xib;
			sourceTree = "<group>";
		};
/* End PBXVariantGroup section */

/* Begin XCBuildConfiguration section */
		D63417EC1A6CE41F001EF616 /* Debug */ = {
			isa = XCBuildConfiguration;
			buildSettings = {
				ALWAYS_SEARCH_USER_PATHS = NO;
				CLANG_CXX_LANGUAGE_STANDARD = "gnu++0x";
				CLANG_CXX_LIBRARY = "libc++";
				CLANG_ENABLE_MODULES = YES;
				CLANG_ENABLE_OBJC_ARC = YES;
				CLANG_WARN_BOOL_CONVERSION = YES;
				CLANG_WARN_CONSTANT_CONVERSION = YES;
				CLANG_WARN_DIRECT_OBJC_ISA_USAGE = YES_ERROR;
				CLANG_WARN_EMPTY_BODY = YES;
				CLANG_WARN_ENUM_CONVERSION = YES;
				CLANG_WARN_INT_CONVERSION = YES;
				CLANG_WARN_OBJC_ROOT_CLASS = YES_ERROR;
				CLANG_WARN_UNREACHABLE_CODE = YES;
				CLANG_WARN__DUPLICATE_METHOD_MATCH = YES;
				"CODE_SIGN_IDENTITY[sdk=iphoneos*]" = "iPhone Developer";
				COPY_PHASE_STRIP = NO;
				ENABLE_STRICT_OBJC_MSGSEND = YES;
				GCC_C_LANGUAGE_STANDARD = gnu99;
				GCC_DYNAMIC_NO_PIC = NO;
				GCC_OPTIMIZATION_LEVEL = 0;
				GCC_PREPROCESSOR_DEFINITIONS = (
					"DEBUG=1",
					"$(inherited)",
				);
				GCC_SYMBOLS_PRIVATE_EXTERN = NO;
				GCC_WARN_64_TO_32_BIT_CONVERSION = YES;
				GCC_WARN_ABOUT_RETURN_TYPE = YES_ERROR;
				GCC_WARN_UNDECLARED_SELECTOR = YES;
				GCC_WARN_UNINITIALIZED_AUTOS = YES_AGGRESSIVE;
				GCC_WARN_UNUSED_FUNCTION = YES;
				GCC_WARN_UNUSED_VARIABLE = YES;
				IPHONEOS_DEPLOYMENT_TARGET = 8.1;
				MTL_ENABLE_DEBUG_INFO = YES;
				ONLY_ACTIVE_ARCH = YES;
				SDKROOT = iphoneos;
			};
			name = Debug;
		};
		D63417ED1A6CE41F001EF616 /* Release */ = {
			isa = XCBuildConfiguration;
			buildSettings = {
				ALWAYS_SEARCH_USER_PATHS = NO;
				CLANG_CXX_LANGUAGE_STANDARD = "gnu++0x";
				CLANG_CXX_LIBRARY = "libc++";
				CLANG_ENABLE_MODULES = YES;
				CLANG_ENABLE_OBJC_ARC = YES;
				CLANG_WARN_BOOL_CONVERSION = YES;
				CLANG_WARN_CONSTANT_CONVERSION = YES;
				CLANG_WARN_DIRECT_OBJC_ISA_USAGE = YES_ERROR;
				CLANG_WARN_EMPTY_BODY = YES;
				CLANG_WARN_ENUM_CONVERSION = YES;
				CLANG_WARN_INT_CONVERSION = YES;
				CLANG_WARN_OBJC_ROOT_CLASS = YES_ERROR;
				CLANG_WARN_UNREACHABLE_CODE = YES;
				CLANG_WARN__DUPLICATE_METHOD_MATCH = YES;
				"CODE_SIGN_IDENTITY[sdk=iphoneos*]" = "iPhone Developer";
				COPY_PHASE_STRIP = YES;
				ENABLE_NS_ASSERTIONS = NO;
				ENABLE_STRICT_OBJC_MSGSEND = YES;
				GCC_C_LANGUAGE_STANDARD = gnu99;
				GCC_WARN_64_TO_32_BIT_CONVERSION = YES;
				GCC_WARN_ABOUT_RETURN_TYPE = YES_ERROR;
				GCC_WARN_UNDECLARED_SELECTOR = YES;
				GCC_WARN_UNINITIALIZED_AUTOS = YES_AGGRESSIVE;
				GCC_WARN_UNUSED_FUNCTION = YES;
				GCC_WARN_UNUSED_VARIABLE = YES;
				IPHONEOS_DEPLOYMENT_TARGET = 8.1;
				MTL_ENABLE_DEBUG_INFO = NO;
				SDKROOT = iphoneos;
				VALIDATE_PRODUCT = YES;
			};
			name = Release;
		};
		D63417EF1A6CE41F001EF616 /* Debug */ = {
			isa = XCBuildConfiguration;
			buildSettings = {
				ASSETCATALOG_COMPILER_APPICON_NAME = AppIcon;
				INFOPLIST_FILE = BasicSample/Info.plist;
				LD_RUNPATH_SEARCH_PATHS = "$(inherited) @executable_path/Frameworks";
				PRODUCT_NAME = "$(TARGET_NAME)";
			};
			name = Debug;
		};
		D63417F01A6CE41F001EF616 /* Release */ = {
			isa = XCBuildConfiguration;
			buildSettings = {
				ASSETCATALOG_COMPILER_APPICON_NAME = AppIcon;
				INFOPLIST_FILE = BasicSample/Info.plist;
				LD_RUNPATH_SEARCH_PATHS = "$(inherited) @executable_path/Frameworks";
				PRODUCT_NAME = "$(TARGET_NAME)";
			};
			name = Release;
		};
		D63417F21A6CE41F001EF616 /* Debug */ = {
			isa = XCBuildConfiguration;
			buildSettings = {
				BUNDLE_LOADER = "$(TEST_HOST)";
				FRAMEWORK_SEARCH_PATHS = (
					"$(SDKROOT)/Developer/Library/Frameworks",
					"$(inherited)",
				);
				GCC_PREPROCESSOR_DEFINITIONS = (
					"DEBUG=1",
					"$(inherited)",
				);
				INFOPLIST_FILE = BasicSampleTests/Info.plist;
				LD_RUNPATH_SEARCH_PATHS = "$(inherited) @executable_path/Frameworks @loader_path/Frameworks";
				PRODUCT_NAME = "$(TARGET_NAME)";
				TEST_HOST = "$(BUILT_PRODUCTS_DIR)/BasicSample.app/BasicSample";
			};
			name = Debug;
		};
		D63417F31A6CE41F001EF616 /* Release */ = {
			isa = XCBuildConfiguration;
			buildSettings = {
				BUNDLE_LOADER = "$(TEST_HOST)";
				FRAMEWORK_SEARCH_PATHS = (
					"$(SDKROOT)/Developer/Library/Frameworks",
					"$(inherited)",
				);
				INFOPLIST_FILE = BasicSampleTests/Info.plist;
				LD_RUNPATH_SEARCH_PATHS = "$(inherited) @executable_path/Frameworks @loader_path/Frameworks";
				PRODUCT_NAME = "$(TARGET_NAME)";
				TEST_HOST = "$(BUILT_PRODUCTS_DIR)/BasicSample.app/BasicSample";
			};
			name = Release;
		};
		D6AD800C1AA024ED001D3CDD /* Debug */ = {
			isa = XCBuildConfiguration;
			buildSettings = {
				GCC_PREPROCESSOR_DEFINITIONS = (
					"DEBUG=1",
					"$(inherited)",
				);
				INFOPLIST_FILE = SimpleTimerTodayExtenstion/Info.plist;
				LD_RUNPATH_SEARCH_PATHS = "$(inherited) @executable_path/Frameworks @executable_path/../../Frameworks";
				PRODUCT_NAME = "$(TARGET_NAME)";
				SKIP_INSTALL = YES;
			};
			name = Debug;
		};
		D6AD800D1AA024ED001D3CDD /* Release */ = {
			isa = XCBuildConfiguration;
			buildSettings = {
				INFOPLIST_FILE = SimpleTimerTodayExtenstion/Info.plist;
				LD_RUNPATH_SEARCH_PATHS = "$(inherited) @executable_path/Frameworks @executable_path/../../Frameworks";
				PRODUCT_NAME = "$(TARGET_NAME)";
				SKIP_INSTALL = YES;
			};
			name = Release;
		};
		D6AD802F1AA04E06001D3CDD /* Debug */ = {
			isa = XCBuildConfiguration;
			buildSettings = {
				CURRENT_PROJECT_VERSION = 1;
				DEFINES_MODULE = YES;
				DYLIB_COMPATIBILITY_VERSION = 1;
				DYLIB_CURRENT_VERSION = 1;
				DYLIB_INSTALL_NAME_BASE = "@rpath";
				GCC_PREPROCESSOR_DEFINITIONS = (
					"DEBUG=1",
					"$(inherited)",
				);
				INFOPLIST_FILE = SimpleTimerKit/Info.plist;
				INSTALL_PATH = "$(LOCAL_LIBRARY_DIR)/Frameworks";
				LD_RUNPATH_SEARCH_PATHS = "$(inherited) @executable_path/Frameworks @loader_path/Frameworks";
				PRODUCT_NAME = "$(TARGET_NAME)";
				SKIP_INSTALL = YES;
				TARGETED_DEVICE_FAMILY = "1,2";
				VERSIONING_SYSTEM = "apple-generic";
				VERSION_INFO_PREFIX = "";
			};
			name = Debug;
		};
		D6AD80301AA04E06001D3CDD /* Release */ = {
			isa = XCBuildConfiguration;
			buildSettings = {
				CURRENT_PROJECT_VERSION = 1;
				DEFINES_MODULE = YES;
				DYLIB_COMPATIBILITY_VERSION = 1;
				DYLIB_CURRENT_VERSION = 1;
				DYLIB_INSTALL_NAME_BASE = "@rpath";
				INFOPLIST_FILE = SimpleTimerKit/Info.plist;
				INSTALL_PATH = "$(LOCAL_LIBRARY_DIR)/Frameworks";
				LD_RUNPATH_SEARCH_PATHS = "$(inherited) @executable_path/Frameworks @loader_path/Frameworks";
				PRODUCT_NAME = "$(TARGET_NAME)";
				SKIP_INSTALL = YES;
				TARGETED_DEVICE_FAMILY = "1,2";
				VERSIONING_SYSTEM = "apple-generic";
				VERSION_INFO_PREFIX = "";
			};
			name = Release;
		};
		D6AD80331AA04E06001D3CDD /* Debug */ = {
			isa = XCBuildConfiguration;
			buildSettings = {
				FRAMEWORK_SEARCH_PATHS = (
					"$(SDKROOT)/Developer/Library/Frameworks",
					"$(inherited)",
				);
				GCC_PREPROCESSOR_DEFINITIONS = (
					"DEBUG=1",
					"$(inherited)",
				);
				INFOPLIST_FILE = SimpleTimerKitTests/Info.plist;
				LD_RUNPATH_SEARCH_PATHS = "$(inherited) @executable_path/Frameworks @loader_path/Frameworks";
				PRODUCT_NAME = "$(TARGET_NAME)";
				TEST_HOST = "$(BUILT_PRODUCTS_DIR)/BasicSample.app/BasicSample";
			};
			name = Debug;
		};
		D6AD80341AA04E06001D3CDD /* Release */ = {
			isa = XCBuildConfiguration;
			buildSettings = {
				FRAMEWORK_SEARCH_PATHS = (
					"$(SDKROOT)/Developer/Library/Frameworks",
					"$(inherited)",
				);
				INFOPLIST_FILE = SimpleTimerKitTests/Info.plist;
				LD_RUNPATH_SEARCH_PATHS = "$(inherited) @executable_path/Frameworks @loader_path/Frameworks";
				PRODUCT_NAME = "$(TARGET_NAME)";
				TEST_HOST = "$(BUILT_PRODUCTS_DIR)/BasicSample.app/BasicSample";
			};
			name = Release;
		};
/* End XCBuildConfiguration section */

/* Begin XCConfigurationList section */
		D63417C61A6CE41E001EF616 /* Build configuration list for PBXProject "BasicSample" */ = {
			isa = XCConfigurationList;
			buildConfigurations = (
				D63417EC1A6CE41F001EF616 /* Debug */,
				D63417ED1A6CE41F001EF616 /* Release */,
			);
			defaultConfigurationIsVisible = 0;
			defaultConfigurationName = Release;
		};
		D63417EE1A6CE41F001EF616 /* Build configuration list for PBXNativeTarget "BasicSample" */ = {
			isa = XCConfigurationList;
			buildConfigurations = (
				D63417EF1A6CE41F001EF616 /* Debug */,
				D63417F01A6CE41F001EF616 /* Release */,
			);
			defaultConfigurationIsVisible = 0;
			defaultConfigurationName = Release;
		};
		D63417F11A6CE41F001EF616 /* Build configuration list for PBXNativeTarget "BasicSampleTests" */ = {
			isa = XCConfigurationList;
			buildConfigurations = (
				D63417F21A6CE41F001EF616 /* Debug */,
				D63417F31A6CE41F001EF616 /* Release */,
			);
			defaultConfigurationIsVisible = 0;
			defaultConfigurationName = Release;
		};
		D6AD800E1AA024ED001D3CDD /* Build configuration list for PBXNativeTarget "SimpleTimerTodayExtenstion" */ = {
			isa = XCConfigurationList;
			buildConfigurations = (
				D6AD800C1AA024ED001D3CDD /* Debug */,
				D6AD800D1AA024ED001D3CDD /* Release */,
			);
			defaultConfigurationIsVisible = 0;
		};
		D6AD802E1AA04E06001D3CDD /* Build configuration list for PBXNativeTarget "SimpleTimerKit" */ = {
			isa = XCConfigurationList;
			buildConfigurations = (
				D6AD802F1AA04E06001D3CDD /* Debug */,
				D6AD80301AA04E06001D3CDD /* Release */,
			);
			defaultConfigurationIsVisible = 0;
		};
		D6AD80321AA04E06001D3CDD /* Build configuration list for PBXNativeTarget "SimpleTimerKitTests" */ = {
			isa = XCConfigurationList;
			buildConfigurations = (
				D6AD80331AA04E06001D3CDD /* Debug */,
				D6AD80341AA04E06001D3CDD /* Release */,
			);
			defaultConfigurationIsVisible = 0;
		};
/* End XCConfigurationList section */
	};
	rootObject = D63417C31A6CE41E001EF616 /* Project object */;
}
